// !$*UTF8*$!
{
	archiveVersion = 1;
	classes = {
	};
	objectVersion = 55;
	objects = {

/* Begin PBXBuildFile section */
		9B16FD0928413A3E00CCEE01 /* Cutest_Sounding_Scientific_EffectsTests.swift in Sources */ = {isa = PBXBuildFile; fileRef = 9B16FD0828413A3E00CCEE01 /* Cutest_Sounding_Scientific_EffectsTests.swift */; };
		9B16FD1128413A9700CCEE01 /* ComicsListPresenterTest.swift in Sources */ = {isa = PBXBuildFile; fileRef = 9B16FD1028413A9700CCEE01 /* ComicsListPresenterTest.swift */; };
		9B16FD1328413E6300CCEE01 /* DetailsViewControllerTest.swift in Sources */ = {isa = PBXBuildFile; fileRef = 9B16FD1228413E6300CCEE01 /* DetailsViewControllerTest.swift */; };
		9B2BE0CC28184F920059C03D /* AppDelegate.swift in Sources */ = {isa = PBXBuildFile; fileRef = 9B2BE0CB28184F920059C03D /* AppDelegate.swift */; };
		9B2BE0CE28184F920059C03D /* SceneDelegate.swift in Sources */ = {isa = PBXBuildFile; fileRef = 9B2BE0CD28184F920059C03D /* SceneDelegate.swift */; };
		9B2BE0D528184F960059C03D /* Assets.xcassets in Resources */ = {isa = PBXBuildFile; fileRef = 9B2BE0D428184F960059C03D /* Assets.xcassets */; };
		9B2BE0D828184F960059C03D /* LaunchScreen.storyboard in Resources */ = {isa = PBXBuildFile; fileRef = 9B2BE0D628184F960059C03D /* LaunchScreen.storyboard */; };
		9B35E6BE281BFF3B00C40D95 /* ComicModel.swift in Sources */ = {isa = PBXBuildFile; fileRef = 9B35E6BD281BFF3B00C40D95 /* ComicModel.swift */; };
		9B35E6D3281C1E5B00C40D95 /* XkcdManegerModel.swift in Sources */ = {isa = PBXBuildFile; fileRef = 9B35E6D2281C1E5B00C40D95 /* XkcdManegerModel.swift */; };
		9B35E6D7281F0ADB00C40D95 /* UIImageView+Extension .swift in Sources */ = {isa = PBXBuildFile; fileRef = 9B35E6D6281F0ADB00C40D95 /* UIImageView+Extension .swift */; };
		9B35E6D9281F0B2200C40D95 /* BlurLoader.swift in Sources */ = {isa = PBXBuildFile; fileRef = 9B35E6D8281F0B2200C40D95 /* BlurLoader.swift */; };
		9B35E6DD281F11DE00C40D95 /* ComicsListPresenter.swift in Sources */ = {isa = PBXBuildFile; fileRef = 9B35E6DC281F11DE00C40D95 /* ComicsListPresenter.swift */; };
		9B35E6E128202D5F00C40D95 /* DetailsComicViewPresenter.swift in Sources */ = {isa = PBXBuildFile; fileRef = 9B35E6E028202D5F00C40D95 /* DetailsComicViewPresenter.swift */; };
		9B35E6E32820436F00C40D95 /* XkcdManeger.swift in Sources */ = {isa = PBXBuildFile; fileRef = 9B35E6E22820436F00C40D95 /* XkcdManeger.swift */; };
		9B35E6E52820510200C40D95 /* UIImage+Extension.swift in Sources */ = {isa = PBXBuildFile; fileRef = 9B35E6E42820510200C40D95 /* UIImage+Extension.swift */; };
		9B57AB81281ABA570082F383 /* NetworkManager.swift in Sources */ = {isa = PBXBuildFile; fileRef = 9B57AB80281ABA570082F383 /* NetworkManager.swift */; };
		9B57AB83281ABB240082F383 /* XCError.swift in Sources */ = {isa = PBXBuildFile; fileRef = 9B57AB82281ABB240082F383 /* XCError.swift */; };
		9B57AB8C281B16FF0082F383 /* UIView+Extension.swift in Sources */ = {isa = PBXBuildFile; fileRef = 9B57AB8B281B16FF0082F383 /* UIView+Extension.swift */; };
		9BC2BF182843FB5600F8B48E /* Router.swift in Sources */ = {isa = PBXBuildFile; fileRef = 9BC2BF172843FB5600F8B48E /* Router.swift */; };
		9BC2BF1A28468E4800F8B48E /* UITabelView+Extension.swift in Sources */ = {isa = PBXBuildFile; fileRef = 9BC2BF1928468E4800F8B48E /* UITabelView+Extension.swift */; };
		9BCD32562848CB4300F7BAA9 /* CutestTimer.swift in Sources */ = {isa = PBXBuildFile; fileRef = 9BCD32552848CB4300F7BAA9 /* CutestTimer.swift */; };
		9BCD32582848CB4800F7BAA9 /* Localizable.strings in Resources */ = {isa = PBXBuildFile; fileRef = 9BCD32572848CB4800F7BAA9 /* Localizable.strings */; };
		9BD8C1EA283D3EC000357EAC /* AsselderModuleBuilder.swift in Sources */ = {isa = PBXBuildFile; fileRef = 9BD8C1E9283D3EC000357EAC /* AsselderModuleBuilder.swift */; };
		9BD8C1FD283F998800357EAC /* ComicsViewController.swift in Sources */ = {isa = PBXBuildFile; fileRef = 9BD8C1FB283F998800357EAC /* ComicsViewController.swift */; };
		9BD8C1FE283F998800357EAC /* ComicsViewController.xib in Resources */ = {isa = PBXBuildFile; fileRef = 9BD8C1FC283F998800357EAC /* ComicsViewController.xib */; };
		9BD8C201283F9D0700357EAC /* DetailsComicViewController.swift in Sources */ = {isa = PBXBuildFile; fileRef = 9BD8C1FF283F9D0700357EAC /* DetailsComicViewController.swift */; };
		9BD8C202283F9D0700357EAC /* DetailsComicViewController.xib in Resources */ = {isa = PBXBuildFile; fileRef = 9BD8C200283F9D0700357EAC /* DetailsComicViewController.xib */; };
/* End PBXBuildFile section */

/* Begin PBXContainerItemProxy section */
		9B16FD0A28413A3E00CCEE01 /* PBXContainerItemProxy */ = {
			isa = PBXContainerItemProxy;
			containerPortal = 9B2BE0C028184F920059C03D /* Project object */;
			proxyType = 1;
			remoteGlobalIDString = 9B2BE0C728184F920059C03D;
			remoteInfo = "Cutest-Sounding Scientific Effects";
		};
/* End PBXContainerItemProxy section */

/* Begin PBXFileReference section */
		9B16FD0628413A3E00CCEE01 /* Cutest-Sounding Scientific EffectsTests.xctest */ = {isa = PBXFileReference; explicitFileType = wrapper.cfbundle; includeInIndex = 0; path = "Cutest-Sounding Scientific EffectsTests.xctest"; sourceTree = BUILT_PRODUCTS_DIR; };
		9B16FD0828413A3E00CCEE01 /* Cutest_Sounding_Scientific_EffectsTests.swift */ = {isa = PBXFileReference; lastKnownFileType = sourcecode.swift; path = Cutest_Sounding_Scientific_EffectsTests.swift; sourceTree = "<group>"; };
		9B16FD1028413A9700CCEE01 /* ComicsListPresenterTest.swift */ = {isa = PBXFileReference; lastKnownFileType = sourcecode.swift; path = ComicsListPresenterTest.swift; sourceTree = "<group>"; };
		9B16FD1228413E6300CCEE01 /* DetailsViewControllerTest.swift */ = {isa = PBXFileReference; lastKnownFileType = sourcecode.swift; path = DetailsViewControllerTest.swift; sourceTree = "<group>"; };
		9B2BE0C828184F920059C03D /* Cutest-Sounding Scientific Effects.app */ = {isa = PBXFileReference; explicitFileType = wrapper.application; includeInIndex = 0; path = "Cutest-Sounding Scientific Effects.app"; sourceTree = BUILT_PRODUCTS_DIR; };
		9B2BE0CB28184F920059C03D /* AppDelegate.swift */ = {isa = PBXFileReference; lastKnownFileType = sourcecode.swift; path = AppDelegate.swift; sourceTree = "<group>"; };
		9B2BE0CD28184F920059C03D /* SceneDelegate.swift */ = {isa = PBXFileReference; lastKnownFileType = sourcecode.swift; path = SceneDelegate.swift; sourceTree = "<group>"; };
		9B2BE0D428184F960059C03D /* Assets.xcassets */ = {isa = PBXFileReference; lastKnownFileType = folder.assetcatalog; path = Assets.xcassets; sourceTree = "<group>"; };
		9B2BE0D728184F960059C03D /* Base */ = {isa = PBXFileReference; lastKnownFileType = file.storyboard; name = Base; path = Base.lproj/LaunchScreen.storyboard; sourceTree = "<group>"; };
		9B2BE0D928184F960059C03D /* Info.plist */ = {isa = PBXFileReference; lastKnownFileType = text.plist.xml; path = Info.plist; sourceTree = "<group>"; };
		9B35E6BD281BFF3B00C40D95 /* ComicModel.swift */ = {isa = PBXFileReference; lastKnownFileType = sourcecode.swift; path = ComicModel.swift; sourceTree = "<group>"; };
		9B35E6D2281C1E5B00C40D95 /* XkcdManegerModel.swift */ = {isa = PBXFileReference; lastKnownFileType = sourcecode.swift; path = XkcdManegerModel.swift; sourceTree = "<group>"; };
		9B35E6D6281F0ADB00C40D95 /* UIImageView+Extension .swift */ = {isa = PBXFileReference; lastKnownFileType = sourcecode.swift; path = "UIImageView+Extension .swift"; sourceTree = "<group>"; };
		9B35E6D8281F0B2200C40D95 /* BlurLoader.swift */ = {isa = PBXFileReference; lastKnownFileType = sourcecode.swift; path = BlurLoader.swift; sourceTree = "<group>"; };
		9B35E6DC281F11DE00C40D95 /* ComicsListPresenter.swift */ = {isa = PBXFileReference; lastKnownFileType = sourcecode.swift; path = ComicsListPresenter.swift; sourceTree = "<group>"; };
		9B35E6E028202D5F00C40D95 /* DetailsComicViewPresenter.swift */ = {isa = PBXFileReference; lastKnownFileType = sourcecode.swift; path = DetailsComicViewPresenter.swift; sourceTree = "<group>"; };
		9B35E6E22820436F00C40D95 /* XkcdManeger.swift */ = {isa = PBXFileReference; fileEncoding = 4; lastKnownFileType = sourcecode.swift; path = XkcdManeger.swift; sourceTree = "<group>"; };
		9B35E6E42820510200C40D95 /* UIImage+Extension.swift */ = {isa = PBXFileReference; lastKnownFileType = sourcecode.swift; path = "UIImage+Extension.swift"; sourceTree = "<group>"; };
		9B57AB80281ABA570082F383 /* NetworkManager.swift */ = {isa = PBXFileReference; fileEncoding = 4; lastKnownFileType = sourcecode.swift; path = NetworkManager.swift; sourceTree = "<group>"; };
		9B57AB82281ABB240082F383 /* XCError.swift */ = {isa = PBXFileReference; fileEncoding = 4; lastKnownFileType = sourcecode.swift; path = XCError.swift; sourceTree = "<group>"; };
		9B57AB8B281B16FF0082F383 /* UIView+Extension.swift */ = {isa = PBXFileReference; lastKnownFileType = sourcecode.swift; path = "UIView+Extension.swift"; sourceTree = "<group>"; };
		9BC2BF172843FB5600F8B48E /* Router.swift */ = {isa = PBXFileReference; lastKnownFileType = sourcecode.swift; path = Router.swift; sourceTree = "<group>"; };
		9BC2BF1928468E4800F8B48E /* UITabelView+Extension.swift */ = {isa = PBXFileReference; lastKnownFileType = sourcecode.swift; path = "UITabelView+Extension.swift"; sourceTree = "<group>"; };
		9BCD32552848CB4300F7BAA9 /* CutestTimer.swift */ = {isa = PBXFileReference; fileEncoding = 4; lastKnownFileType = sourcecode.swift; name = CutestTimer.swift; path = ../../../../Desktop/CutestTimer.swift; sourceTree = "<group>"; };
		9BCD32572848CB4800F7BAA9 /* Localizable.strings */ = {isa = PBXFileReference; fileEncoding = 4; lastKnownFileType = text.plist.strings; name = Localizable.strings; path = ../../../Desktop/Localizable.strings; sourceTree = "<group>"; };
		9BD8C1E9283D3EC000357EAC /* AsselderModuleBuilder.swift */ = {isa = PBXFileReference; lastKnownFileType = sourcecode.swift; path = AsselderModuleBuilder.swift; sourceTree = "<group>"; };
		9BD8C1FB283F998800357EAC /* ComicsViewController.swift */ = {isa = PBXFileReference; lastKnownFileType = sourcecode.swift; path = ComicsViewController.swift; sourceTree = "<group>"; };
		9BD8C1FC283F998800357EAC /* ComicsViewController.xib */ = {isa = PBXFileReference; lastKnownFileType = file.xib; path = ComicsViewController.xib; sourceTree = "<group>"; };
		9BD8C1FF283F9D0700357EAC /* DetailsComicViewController.swift */ = {isa = PBXFileReference; lastKnownFileType = sourcecode.swift; path = DetailsComicViewController.swift; sourceTree = "<group>"; };
		9BD8C200283F9D0700357EAC /* DetailsComicViewController.xib */ = {isa = PBXFileReference; lastKnownFileType = file.xib; path = DetailsComicViewController.xib; sourceTree = "<group>"; };
/* End PBXFileReference section */

/* Begin PBXFrameworksBuildPhase section */
		9B16FD0328413A3E00CCEE01 /* Frameworks */ = {
			isa = PBXFrameworksBuildPhase;
			buildActionMask = 2147483647;
			files = (
			);
			runOnlyForDeploymentPostprocessing = 0;
		};
		9B2BE0C528184F920059C03D /* Frameworks */ = {
			isa = PBXFrameworksBuildPhase;
			buildActionMask = 2147483647;
			files = (
			);
			runOnlyForDeploymentPostprocessing = 0;
		};
/* End PBXFrameworksBuildPhase section */

/* Begin PBXGroup section */
		9B16FD0728413A3E00CCEE01 /* Cutest-Sounding Scientific EffectsTests */ = {
			isa = PBXGroup;
			children = (
				9B16FD0F28413A6500CCEE01 /* TestMainModule */,
				9B16FD0828413A3E00CCEE01 /* Cutest_Sounding_Scientific_EffectsTests.swift */,
			);
			path = "Cutest-Sounding Scientific EffectsTests";
			sourceTree = "<group>";
		};
		9B16FD0F28413A6500CCEE01 /* TestMainModule */ = {
			isa = PBXGroup;
			children = (
				9B16FD1028413A9700CCEE01 /* ComicsListPresenterTest.swift */,
				9B16FD1228413E6300CCEE01 /* DetailsViewControllerTest.swift */,
			);
			path = TestMainModule;
			sourceTree = "<group>";
		};
		9B2BE0BF28184F920059C03D = {
			isa = PBXGroup;
			children = (
				9B2BE0CA28184F920059C03D /* Cutest-Sounding Scientific Effects */,
				9B16FD0728413A3E00CCEE01 /* Cutest-Sounding Scientific EffectsTests */,
				9B2BE0C928184F920059C03D /* Products */,
			);
			sourceTree = "<group>";
		};
		9B2BE0C928184F920059C03D /* Products */ = {
			isa = PBXGroup;
			children = (
				9B2BE0C828184F920059C03D /* Cutest-Sounding Scientific Effects.app */,
				9B16FD0628413A3E00CCEE01 /* Cutest-Sounding Scientific EffectsTests.xctest */,
			);
			name = Products;
			sourceTree = "<group>";
		};
		9B2BE0CA28184F920059C03D /* Cutest-Sounding Scientific Effects */ = {
			isa = PBXGroup;
			children = (
				9BC2BF172843FB5600F8B48E /* Router.swift */,
				9BD8C1E9283D3EC000357EAC /* AsselderModuleBuilder.swift */,
				9B35E6D4281F078700C40D95 /* ComicsList */,
				9B35E6C1281C05E800C40D95 /* ComicDetails */,
				9B35E6D5281F0A8700C40D95 /* Extensions */,
				9B57AB7B281AB8A40082F383 /* Utilits */,
				9B57AB6F281984B00082F383 /* Networking */,
				9B59F05F28187B79000C3C1B /* Models */,
				9B2BE0CB28184F920059C03D /* AppDelegate.swift */,
				9B2BE0CD28184F920059C03D /* SceneDelegate.swift */,
				9BCD32572848CB4800F7BAA9 /* Localizable.strings */,
				9B2BE0D428184F960059C03D /* Assets.xcassets */,
				9B2BE0D628184F960059C03D /* LaunchScreen.storyboard */,
				9B2BE0D928184F960059C03D /* Info.plist */,
			);
			path = "Cutest-Sounding Scientific Effects";
			sourceTree = "<group>";
		};
		9B35E6C1281C05E800C40D95 /* ComicDetails */ = {
			isa = PBXGroup;
			children = (
				9B35E6E028202D5F00C40D95 /* DetailsComicViewPresenter.swift */,
				9BD8C1FF283F9D0700357EAC /* DetailsComicViewController.swift */,
				9BD8C200283F9D0700357EAC /* DetailsComicViewController.xib */,
			);
			path = ComicDetails;
			sourceTree = "<group>";
		};
		9B35E6D4281F078700C40D95 /* ComicsList */ = {
			isa = PBXGroup;
			children = (
				9B35E6DC281F11DE00C40D95 /* ComicsListPresenter.swift */,
				9BD8C1FB283F998800357EAC /* ComicsViewController.swift */,
				9BD8C1FC283F998800357EAC /* ComicsViewController.xib */,
			);
			path = ComicsList;
			sourceTree = "<group>";
		};
		9B35E6D5281F0A8700C40D95 /* Extensions */ = {
			isa = PBXGroup;
			children = (
				9B57AB8B281B16FF0082F383 /* UIView+Extension.swift */,
				9B35E6D6281F0ADB00C40D95 /* UIImageView+Extension .swift */,
				9B35E6E42820510200C40D95 /* UIImage+Extension.swift */,
				9BC2BF1928468E4800F8B48E /* UITabelView+Extension.swift */,
			);
			path = Extensions;
			sourceTree = "<group>";
		};
		9B57AB6F281984B00082F383 /* Networking */ = {
			isa = PBXGroup;
			children = (
				9B35E6E22820436F00C40D95 /* XkcdManeger.swift */,
				9B57AB80281ABA570082F383 /* NetworkManager.swift */,
			);
			path = Networking;
			sourceTree = "<group>";
		};
		9B57AB7B281AB8A40082F383 /* Utilits */ = {
			isa = PBXGroup;
			children = (
				9BCD32552848CB4300F7BAA9 /* CutestTimer.swift */,
				9B57AB82281ABB240082F383 /* XCError.swift */,
				9B35E6D8281F0B2200C40D95 /* BlurLoader.swift */,
			);
			path = Utilits;
			sourceTree = "<group>";
		};
		9B59F05F28187B79000C3C1B /* Models */ = {
			isa = PBXGroup;
			children = (
				9B35E6BD281BFF3B00C40D95 /* ComicModel.swift */,
				9B35E6D2281C1E5B00C40D95 /* XkcdManegerModel.swift */,
			);
			path = Models;
			sourceTree = "<group>";
		};
/* End PBXGroup section */

/* Begin PBXNativeTarget section */
		9B16FD0528413A3E00CCEE01 /* Cutest-Sounding Scientific EffectsTests */ = {
			isa = PBXNativeTarget;
			buildConfigurationList = 9B16FD0E28413A3E00CCEE01 /* Build configuration list for PBXNativeTarget "Cutest-Sounding Scientific EffectsTests" */;
			buildPhases = (
				9B16FD0228413A3E00CCEE01 /* Sources */,
				9B16FD0328413A3E00CCEE01 /* Frameworks */,
				9B16FD0428413A3E00CCEE01 /* Resources */,
			);
			buildRules = (
			);
			dependencies = (
				9B16FD0B28413A3E00CCEE01 /* PBXTargetDependency */,
			);
			name = "Cutest-Sounding Scientific EffectsTests";
			productName = "Cutest-Sounding Scientific EffectsTests";
			productReference = 9B16FD0628413A3E00CCEE01 /* Cutest-Sounding Scientific EffectsTests.xctest */;
			productType = "com.apple.product-type.bundle.unit-test";
		};
		9B2BE0C728184F920059C03D /* Cutest-Sounding Scientific Effects */ = {
			isa = PBXNativeTarget;
			buildConfigurationList = 9B2BE0DC28184F960059C03D /* Build configuration list for PBXNativeTarget "Cutest-Sounding Scientific Effects" */;
			buildPhases = (
				9B2BE0C428184F920059C03D /* Sources */,
				9B2BE0C528184F920059C03D /* Frameworks */,
				9B2BE0C628184F920059C03D /* Resources */,
			);
			buildRules = (
			);
			dependencies = (
			);
			name = "Cutest-Sounding Scientific Effects";
			productName = "Cutest-Sounding Scientific Effects";
			productReference = 9B2BE0C828184F920059C03D /* Cutest-Sounding Scientific Effects.app */;
			productType = "com.apple.product-type.application";
		};
/* End PBXNativeTarget section */

/* Begin PBXProject section */
		9B2BE0C028184F920059C03D /* Project object */ = {
			isa = PBXProject;
			attributes = {
				BuildIndependentTargetsInParallel = 1;
				LastSwiftUpdateCheck = 1320;
				LastUpgradeCheck = 1320;
				TargetAttributes = {
					9B16FD0528413A3E00CCEE01 = {
						CreatedOnToolsVersion = 13.2.1;
						TestTargetID = 9B2BE0C728184F920059C03D;
					};
					9B2BE0C728184F920059C03D = {
						CreatedOnToolsVersion = 13.2.1;
					};
				};
			};
			buildConfigurationList = 9B2BE0C328184F920059C03D /* Build configuration list for PBXProject "Cutest-Sounding Scientific Effects" */;
			compatibilityVersion = "Xcode 13.0";
			developmentRegion = en;
			hasScannedForEncodings = 0;
			knownRegions = (
				en,
				Base,
			);
			mainGroup = 9B2BE0BF28184F920059C03D;
			productRefGroup = 9B2BE0C928184F920059C03D /* Products */;
			projectDirPath = "";
			projectRoot = "";
			targets = (
				9B2BE0C728184F920059C03D /* Cutest-Sounding Scientific Effects */,
				9B16FD0528413A3E00CCEE01 /* Cutest-Sounding Scientific EffectsTests */,
			);
		};
/* End PBXProject section */

/* Begin PBXResourcesBuildPhase section */
		9B16FD0428413A3E00CCEE01 /* Resources */ = {
			isa = PBXResourcesBuildPhase;
			buildActionMask = 2147483647;
			files = (
			);
			runOnlyForDeploymentPostprocessing = 0;
		};
		9B2BE0C628184F920059C03D /* Resources */ = {
			isa = PBXResourcesBuildPhase;
			buildActionMask = 2147483647;
			files = (
				9BCD32582848CB4800F7BAA9 /* Localizable.strings in Resources */,
				9BD8C202283F9D0700357EAC /* DetailsComicViewController.xib in Resources */,
				9BD8C1FE283F998800357EAC /* ComicsViewController.xib in Resources */,
				9B2BE0D828184F960059C03D /* LaunchScreen.storyboard in Resources */,
				9B2BE0D528184F960059C03D /* Assets.xcassets in Resources */,
			);
			runOnlyForDeploymentPostprocessing = 0;
		};
/* End PBXResourcesBuildPhase section */

/* Begin PBXSourcesBuildPhase section */
		9B16FD0228413A3E00CCEE01 /* Sources */ = {
			isa = PBXSourcesBuildPhase;
			buildActionMask = 2147483647;
			files = (
				9B16FD1328413E6300CCEE01 /* DetailsViewControllerTest.swift in Sources */,
				9B16FD1128413A9700CCEE01 /* ComicsListPresenterTest.swift in Sources */,
				9B16FD0928413A3E00CCEE01 /* Cutest_Sounding_Scientific_EffectsTests.swift in Sources */,
			);
			runOnlyForDeploymentPostprocessing = 0;
		};
		9B2BE0C428184F920059C03D /* Sources */ = {
			isa = PBXSourcesBuildPhase;
			buildActionMask = 2147483647;
			files = (
				9B35E6DD281F11DE00C40D95 /* ComicsListPresenter.swift in Sources */,
				9B35E6D3281C1E5B00C40D95 /* XkcdManegerModel.swift in Sources */,
				9BCD32562848CB4300F7BAA9 /* CutestTimer.swift in Sources */,
				9B57AB8C281B16FF0082F383 /* UIView+Extension.swift in Sources */,
				9B35E6E52820510200C40D95 /* UIImage+Extension.swift in Sources */,
				9B35E6D7281F0ADB00C40D95 /* UIImageView+Extension .swift in Sources */,
				9B35E6E32820436F00C40D95 /* XkcdManeger.swift in Sources */,
				9B57AB81281ABA570082F383 /* NetworkManager.swift in Sources */,
				9B35E6BE281BFF3B00C40D95 /* ComicModel.swift in Sources */,
				9B2BE0CC28184F920059C03D /* AppDelegate.swift in Sources */,
				9BC2BF1A28468E4800F8B48E /* UITabelView+Extension.swift in Sources */,
				9BC2BF182843FB5600F8B48E /* Router.swift in Sources */,
				9BD8C201283F9D0700357EAC /* DetailsComicViewController.swift in Sources */,
				9BD8C1FD283F998800357EAC /* ComicsViewController.swift in Sources */,
				9B35E6D9281F0B2200C40D95 /* BlurLoader.swift in Sources */,
				9BD8C1EA283D3EC000357EAC /* AsselderModuleBuilder.swift in Sources */,
				9B57AB83281ABB240082F383 /* XCError.swift in Sources */,
				9B35E6E128202D5F00C40D95 /* DetailsComicViewPresenter.swift in Sources */,
				9B2BE0CE28184F920059C03D /* SceneDelegate.swift in Sources */,
			);
			runOnlyForDeploymentPostprocessing = 0;
		};
/* End PBXSourcesBuildPhase section */

/* Begin PBXTargetDependency section */
		9B16FD0B28413A3E00CCEE01 /* PBXTargetDependency */ = {
			isa = PBXTargetDependency;
			target = 9B2BE0C728184F920059C03D /* Cutest-Sounding Scientific Effects */;
			targetProxy = 9B16FD0A28413A3E00CCEE01 /* PBXContainerItemProxy */;
		};
/* End PBXTargetDependency section */

/* Begin PBXVariantGroup section */
		9B2BE0D628184F960059C03D /* LaunchScreen.storyboard */ = {
			isa = PBXVariantGroup;
			children = (
				9B2BE0D728184F960059C03D /* Base */,
			);
			name = LaunchScreen.storyboard;
			sourceTree = "<group>";
		};
/* End PBXVariantGroup section */

/* Begin XCBuildConfiguration section */
		9B16FD0C28413A3E00CCEE01 /* Debug */ = {
			isa = XCBuildConfiguration;
			buildSettings = {
				BUNDLE_LOADER = "$(TEST_HOST)";
				CODE_SIGN_STYLE = Automatic;
				CURRENT_PROJECT_VERSION = 1;
				DEVELOPMENT_TEAM = 996P5KZMC7;
				GENERATE_INFOPLIST_FILE = YES;
				MARKETING_VERSION = 1.0;
				PRODUCT_BUNDLE_IDENTIFIER = "com.Cutest-SoundingScientificEffects.Cutest-Sounding-Scientific-EffectsTests";
				PRODUCT_NAME = "$(TARGET_NAME)";
				SWIFT_EMIT_LOC_STRINGS = NO;
				SWIFT_VERSION = 5.0;
				TARGETED_DEVICE_FAMILY = "1,2";
				TEST_HOST = "$(BUILT_PRODUCTS_DIR)/Cutest-Sounding Scientific Effects.app/Cutest-Sounding Scientific Effects";
			};
			name = Debug;
		};
		9B16FD0D28413A3E00CCEE01 /* Release */ = {
			isa = XCBuildConfiguration;
			buildSettings = {
				BUNDLE_LOADER = "$(TEST_HOST)";
				CODE_SIGN_STYLE = Automatic;
				CURRENT_PROJECT_VERSION = 1;
				DEVELOPMENT_TEAM = 996P5KZMC7;
				GENERATE_INFOPLIST_FILE = YES;
				MARKETING_VERSION = 1.0;
				PRODUCT_BUNDLE_IDENTIFIER = "com.Cutest-SoundingScientificEffects.Cutest-Sounding-Scientific-EffectsTests";
				PRODUCT_NAME = "$(TARGET_NAME)";
				SWIFT_EMIT_LOC_STRINGS = NO;
				SWIFT_VERSION = 5.0;
				TARGETED_DEVICE_FAMILY = "1,2";
				TEST_HOST = "$(BUILT_PRODUCTS_DIR)/Cutest-Sounding Scientific Effects.app/Cutest-Sounding Scientific Effects";
			};
			name = Release;
		};
		9B2BE0DA28184F960059C03D /* Debug */ = {
			isa = XCBuildConfiguration;
			buildSettings = {
				ALWAYS_SEARCH_USER_PATHS = NO;
				CLANG_ANALYZER_NONNULL = YES;
				CLANG_ANALYZER_NUMBER_OBJECT_CONVERSION = YES_AGGRESSIVE;
				CLANG_CXX_LANGUAGE_STANDARD = "gnu++17";
				CLANG_CXX_LIBRARY = "libc++";
				CLANG_ENABLE_MODULES = YES;
				CLANG_ENABLE_OBJC_ARC = YES;
				CLANG_ENABLE_OBJC_WEAK = YES;
				CLANG_WARN_BLOCK_CAPTURE_AUTORELEASING = YES;
				CLANG_WARN_BOOL_CONVERSION = YES;
				CLANG_WARN_COMMA = YES;
				CLANG_WARN_CONSTANT_CONVERSION = YES;
				CLANG_WARN_DEPRECATED_OBJC_IMPLEMENTATIONS = YES;
				CLANG_WARN_DIRECT_OBJC_ISA_USAGE = YES_ERROR;
				CLANG_WARN_DOCUMENTATION_COMMENTS = YES;
				CLANG_WARN_EMPTY_BODY = YES;
				CLANG_WARN_ENUM_CONVERSION = YES;
				CLANG_WARN_INFINITE_RECURSION = YES;
				CLANG_WARN_INT_CONVERSION = YES;
				CLANG_WARN_NON_LITERAL_NULL_CONVERSION = YES;
				CLANG_WARN_OBJC_IMPLICIT_RETAIN_SELF = YES;
				CLANG_WARN_OBJC_LITERAL_CONVERSION = YES;
				CLANG_WARN_OBJC_ROOT_CLASS = YES_ERROR;
				CLANG_WARN_QUOTED_INCLUDE_IN_FRAMEWORK_HEADER = YES;
				CLANG_WARN_RANGE_LOOP_ANALYSIS = YES;
				CLANG_WARN_STRICT_PROTOTYPES = YES;
				CLANG_WARN_SUSPICIOUS_MOVE = YES;
				CLANG_WARN_UNGUARDED_AVAILABILITY = YES_AGGRESSIVE;
				CLANG_WARN_UNREACHABLE_CODE = YES;
				CLANG_WARN__DUPLICATE_METHOD_MATCH = YES;
				COPY_PHASE_STRIP = NO;
				DEBUG_INFORMATION_FORMAT = dwarf;
				ENABLE_STRICT_OBJC_MSGSEND = YES;
				ENABLE_TESTABILITY = YES;
				GCC_C_LANGUAGE_STANDARD = gnu11;
				GCC_DYNAMIC_NO_PIC = NO;
				GCC_NO_COMMON_BLOCKS = YES;
				GCC_OPTIMIZATION_LEVEL = 0;
				GCC_PREPROCESSOR_DEFINITIONS = (
					"DEBUG=1",
					"$(inherited)",
				);
				GCC_WARN_64_TO_32_BIT_CONVERSION = YES;
				GCC_WARN_ABOUT_RETURN_TYPE = YES_ERROR;
				GCC_WARN_UNDECLARED_SELECTOR = YES;
				GCC_WARN_UNINITIALIZED_AUTOS = YES_AGGRESSIVE;
				GCC_WARN_UNUSED_FUNCTION = YES;
				GCC_WARN_UNUSED_VARIABLE = YES;
				IPHONEOS_DEPLOYMENT_TARGET = 15.2;
				MTL_ENABLE_DEBUG_INFO = INCLUDE_SOURCE;
				MTL_FAST_MATH = YES;
				ONLY_ACTIVE_ARCH = YES;
				SDKROOT = iphoneos;
				SWIFT_ACTIVE_COMPILATION_CONDITIONS = DEBUG;
				SWIFT_OPTIMIZATION_LEVEL = "-Onone";
			};
			name = Debug;
		};
		9B2BE0DB28184F960059C03D /* Release */ = {
			isa = XCBuildConfiguration;
			buildSettings = {
				ALWAYS_SEARCH_USER_PATHS = NO;
				CLANG_ANALYZER_NONNULL = YES;
				CLANG_ANALYZER_NUMBER_OBJECT_CONVERSION = YES_AGGRESSIVE;
				CLANG_CXX_LANGUAGE_STANDARD = "gnu++17";
				CLANG_CXX_LIBRARY = "libc++";
				CLANG_ENABLE_MODULES = YES;
				CLANG_ENABLE_OBJC_ARC = YES;
				CLANG_ENABLE_OBJC_WEAK = YES;
				CLANG_WARN_BLOCK_CAPTURE_AUTORELEASING = YES;
				CLANG_WARN_BOOL_CONVERSION = YES;
				CLANG_WARN_COMMA = YES;
				CLANG_WARN_CONSTANT_CONVERSION = YES;
				CLANG_WARN_DEPRECATED_OBJC_IMPLEMENTATIONS = YES;
				CLANG_WARN_DIRECT_OBJC_ISA_USAGE = YES_ERROR;
				CLANG_WARN_DOCUMENTATION_COMMENTS = YES;
				CLANG_WARN_EMPTY_BODY = YES;
				CLANG_WARN_ENUM_CONVERSION = YES;
				CLANG_WARN_INFINITE_RECURSION = YES;
				CLANG_WARN_INT_CONVERSION = YES;
				CLANG_WARN_NON_LITERAL_NULL_CONVERSION = YES;
				CLANG_WARN_OBJC_IMPLICIT_RETAIN_SELF = YES;
				CLANG_WARN_OBJC_LITERAL_CONVERSION = YES;
				CLANG_WARN_OBJC_ROOT_CLASS = YES_ERROR;
				CLANG_WARN_QUOTED_INCLUDE_IN_FRAMEWORK_HEADER = YES;
				CLANG_WARN_RANGE_LOOP_ANALYSIS = YES;
				CLANG_WARN_STRICT_PROTOTYPES = YES;
				CLANG_WARN_SUSPICIOUS_MOVE = YES;
				CLANG_WARN_UNGUARDED_AVAILABILITY = YES_AGGRESSIVE;
				CLANG_WARN_UNREACHABLE_CODE = YES;
				CLANG_WARN__DUPLICATE_METHOD_MATCH = YES;
				COPY_PHASE_STRIP = NO;
				DEBUG_INFORMATION_FORMAT = "dwarf-with-dsym";
				ENABLE_NS_ASSERTIONS = NO;
				ENABLE_STRICT_OBJC_MSGSEND = YES;
				GCC_C_LANGUAGE_STANDARD = gnu11;
				GCC_NO_COMMON_BLOCKS = YES;
				GCC_WARN_64_TO_32_BIT_CONVERSION = YES;
				GCC_WARN_ABOUT_RETURN_TYPE = YES_ERROR;
				GCC_WARN_UNDECLARED_SELECTOR = YES;
				GCC_WARN_UNINITIALIZED_AUTOS = YES_AGGRESSIVE;
				GCC_WARN_UNUSED_FUNCTION = YES;
				GCC_WARN_UNUSED_VARIABLE = YES;
				IPHONEOS_DEPLOYMENT_TARGET = 15.2;
				MTL_ENABLE_DEBUG_INFO = NO;
				MTL_FAST_MATH = YES;
				SDKROOT = iphoneos;
				SWIFT_COMPILATION_MODE = wholemodule;
				SWIFT_OPTIMIZATION_LEVEL = "-O";
				VALIDATE_PRODUCT = YES;
			};
			name = Release;
		};
		9B2BE0DD28184F960059C03D /* Debug */ = {
			isa = XCBuildConfiguration;
			buildSettings = {
				ASSETCATALOG_COMPILER_APPICON_NAME = AppIcon;
				ASSETCATALOG_COMPILER_GLOBAL_ACCENT_COLOR_NAME = AccentColor;
				CODE_SIGN_STYLE = Automatic;
				CURRENT_PROJECT_VERSION = 1;
				DEVELOPMENT_TEAM = 996P5KZMC7;
				GENERATE_INFOPLIST_FILE = YES;
				INFOPLIST_FILE = "Cutest-Sounding Scientific Effects/Info.plist";
				INFOPLIST_KEY_UIApplicationSupportsIndirectInputEvents = YES;
				INFOPLIST_KEY_UILaunchStoryboardName = LaunchScreen;
				INFOPLIST_KEY_UIMainStoryboardFile = LaunchScreen;
				INFOPLIST_KEY_UISupportedInterfaceOrientations_iPad = "UIInterfaceOrientationPortrait UIInterfaceOrientationPortraitUpsideDown UIInterfaceOrientationLandscapeLeft UIInterfaceOrientationLandscapeRight";
				INFOPLIST_KEY_UISupportedInterfaceOrientations_iPhone = "UIInterfaceOrientationPortrait UIInterfaceOrientationLandscapeLeft UIInterfaceOrientationLandscapeRight";
				LD_RUNPATH_SEARCH_PATHS = (
					"$(inherited)",
					"@executable_path/Frameworks",
				);
				MARKETING_VERSION = 1.0;
				PRODUCT_BUNDLE_IDENTIFIER = "com.Cutest-SoundingScientificEffects.Cutest-Sounding-Scientific-Effects";
				PRODUCT_NAME = "$(TARGET_NAME)";
				SWIFT_EMIT_LOC_STRINGS = YES;
				SWIFT_VERSION = 5.0;
				TARGETED_DEVICE_FAMILY = "1,2";
			};
			name = Debug;
		};
		9B2BE0DE28184F960059C03D /* Release */ = {
			isa = XCBuildConfiguration;
			buildSettings = {
				ASSETCATALOG_COMPILER_APPICON_NAME = AppIcon;
				ASSETCATALOG_COMPILER_GLOBAL_ACCENT_COLOR_NAME = AccentColor;
				CODE_SIGN_STYLE = Automatic;
				CURRENT_PROJECT_VERSION = 1;
				DEVELOPMENT_TEAM = 996P5KZMC7;
				GENERATE_INFOPLIST_FILE = YES;
				INFOPLIST_FILE = "Cutest-Sounding Scientific Effects/Info.plist";
				INFOPLIST_KEY_UIApplicationSupportsIndirectInputEvents = YES;
				INFOPLIST_KEY_UILaunchStoryboardName = LaunchScreen;
				INFOPLIST_KEY_UIMainStoryboardFile = LaunchScreen;
				INFOPLIST_KEY_UISupportedInterfaceOrientations_iPad = "UIInterfaceOrientationPortrait UIInterfaceOrientationPortraitUpsideDown UIInterfaceOrientationLandscapeLeft UIInterfaceOrientationLandscapeRight";
				INFOPLIST_KEY_UISupportedInterfaceOrientations_iPhone = "UIInterfaceOrientationPortrait UIInterfaceOrientationLandscapeLeft UIInterfaceOrientationLandscapeRight";
				LD_RUNPATH_SEARCH_PATHS = (
					"$(inherited)",
					"@executable_path/Frameworks",
				);
				MARKETING_VERSION = 1.0;
				PRODUCT_BUNDLE_IDENTIFIER = "com.Cutest-SoundingScientificEffects.Cutest-Sounding-Scientific-Effects";
				PRODUCT_NAME = "$(TARGET_NAME)";
				SWIFT_EMIT_LOC_STRINGS = YES;
				SWIFT_VERSION = 5.0;
				TARGETED_DEVICE_FAMILY = "1,2";
			};
			name = Release;
		};
/* End XCBuildConfiguration section */

/* Begin XCConfigurationList section */
		9B16FD0E28413A3E00CCEE01 /* Build configuration list for PBXNativeTarget "Cutest-Sounding Scientific EffectsTests" */ = {
			isa = XCConfigurationList;
			buildConfigurations = (
				9B16FD0C28413A3E00CCEE01 /* Debug */,
				9B16FD0D28413A3E00CCEE01 /* Release */,
			);
			defaultConfigurationIsVisible = 0;
			defaultConfigurationName = Release;
		};
		9B2BE0C328184F920059C03D /* Build configuration list for PBXProject "Cutest-Sounding Scientific Effects" */ = {
			isa = XCConfigurationList;
			buildConfigurations = (
				9B2BE0DA28184F960059C03D /* Debug */,
				9B2BE0DB28184F960059C03D /* Release */,
			);
			defaultConfigurationIsVisible = 0;
			defaultConfigurationName = Release;
		};
		9B2BE0DC28184F960059C03D /* Build configuration list for PBXNativeTarget "Cutest-Sounding Scientific Effects" */ = {
			isa = XCConfigurationList;
			buildConfigurations = (
				9B2BE0DD28184F960059C03D /* Debug */,
				9B2BE0DE28184F960059C03D /* Release */,
			);
			defaultConfigurationIsVisible = 0;
			defaultConfigurationName = Release;
		};
/* End XCConfigurationList section */
	};
	rootObject = 9B2BE0C028184F920059C03D /* Project object */;
}
